{
  "originHash" : "53c7699448fa37c59235269a75f8b78e0a33cb786c260fecd8a1ddb7b9cfc626",
  "pins" : [
    {
      "identity" : "capacitor-swift-pm",
      "kind" : "remoteSourceControl",
      "location" : "https://github.com/ionic-team/capacitor-swift-pm.git",
      "state" : {
        "revision" : "145cf37b8e3b240efef3d2d8a7262e621f08bb6f",
        "version" : "7.4.4"
      }
    }
  ],
  "version" : 3
}
